
Microsoft Visual Studio Solution File, Format Version 12.00
# Visual Studio Version 17
VisualStudioVersion = 17.4.33122.133
MinimumVisualStudioVersion = 10.0.40219.1
Project("{9A19103F-16F7-4668-BE54-9A1E7A4F7556}") = "SketchGenerator", "SketchGenerator\SketchGenerator.csproj", "{F5917967-CECF-4F55-BD7E-C1F8ABA21941}"
EndProject
Project("{FAE04EC0-301F-11D3-BF4B-00C04F79EFBC}") = "DeepConvGAN", "DeepConvGAN\DeepConvGAN.csproj", "{10DE421E-FBEB-40C1-8325-1342AE95A83B}"
EndProject
Global
	GlobalSection(SolutionConfigurationPlatforms) = preSolution
		Debug|Any CPU = Debug|Any CPU
		Debug|x64 = Debug|x64
		Release|Any CPU = Release|Any CPU
		Release|x64 = Release|x64
	EndGlobalSection
	GlobalSection(ProjectConfigurationPlatforms) = postSolution
		{F5917967-CECF-4F55-BD7E-C1F8ABA21941}.Debug|Any CPU.ActiveCfg = Debug|Any CPU
		{F5917967-CECF-4F55-BD7E-C1F8ABA21941}.Debug|Any CPU.Build.0 = Debug|Any CPU
		{F5917967-CECF-4F55-BD7E-C1F8ABA21941}.Debug|x64.ActiveCfg = Debug|x64
		{F5917967-CECF-4F55-BD7E-C1F8ABA21941}.Debug|x64.Build.0 = Debug|x64
		{F5917967-CECF-4F55-BD7E-C1F8ABA21941}.Release|Any CPU.ActiveCfg = Release|Any CPU
		{F5917967-CECF-4F55-BD7E-C1F8ABA21941}.Release|Any CPU.Build.0 = Release|Any CPU
		{F5917967-CECF-4F55-BD7E-C1F8ABA21941}.Release|x64.ActiveCfg = Release|x64
		{F5917967-CECF-4F55-BD7E-C1F8ABA21941}.Release|x64.Build.0 = Release|x64
		{10DE421E-FBEB-40C1-8325-1342AE95A83B}.Debug|Any CPU.ActiveCfg = Debug|Any CPU
		{10DE421E-FBEB-40C1-8325-1342AE95A83B}.Debug|Any CPU.Build.0 = Debug|Any CPU
		{10DE421E-FBEB-40C1-8325-1342AE95A83B}.Debug|x64.ActiveCfg = Debug|Any CPU
		{10DE421E-FBEB-40C1-8325-1342AE95A83B}.Debug|x64.Build.0 = Debug|Any CPU
		{10DE421E-FBEB-40C1-8325-1342AE95A83B}.Release|Any CPU.ActiveCfg = Release|Any CPU
		{10DE421E-FBEB-40C1-8325-1342AE95A83B}.Release|Any CPU.Build.0 = Release|Any CPU
		{10DE421E-FBEB-40C1-8325-1342AE95A83B}.Release|x64.ActiveCfg = Release|Any CPU
		{10DE421E-FBEB-40C1-8325-1342AE95A83B}.Release|x64.Build.0 = Release|Any CPU
	EndGlobalSection
	GlobalSection(SolutionProperties) = preSolution
		HideSolutionNode = FALSE
	EndGlobalSection
	GlobalSection(ExtensibilityGlobals) = postSolution
		SolutionGuid = {D4EC476D-A251-4708-B232-5673D41531DA}
	EndGlobalSection
EndGlobal
